
Microsoft Visual Studio Solution File, Format Version 12.00
# Visual Studio Version 16
VisualStudioVersion = 16.0.30621.155
MinimumVisualStudioVersion = 10.0.40219.1
Project("{FAE04EC0-301F-11D3-BF4B-00C04F79EFBC}") = "JetpacReloaded", "JetpacReloaded\JetpacReloaded.csproj", "{A211CAA1-8404-4006-BA18-AA34EC5B6792}"
EndProject
Global
	GlobalSection(SolutionConfigurationPlatforms) = preSolution
		Debug|Any CPU = Debug|Any CPU
		Release|Any CPU = Release|Any CPU
	EndGlobalSection
	GlobalSection(ProjectConfigurationPlatforms) = postSolution
		{A211CAA1-8404-4006-BA18-AA34EC5B6792}.Debug|Any CPU.ActiveCfg = Debug|Any CPU
		{A211CAA1-8404-4006-BA18-AA34EC5B6792}.Debug|Any CPU.Build.0 = Debug|Any CPU
		{A211CAA1-8404-4006-BA18-AA34EC5B6792}.Release|Any CPU.ActiveCfg = Release|Any CPU
		{A211CAA1-8404-4006-BA18-AA34EC5B6792}.Release|Any CPU.Build.0 = Release|Any CPU
	EndGlobalSection
	GlobalSection(SolutionProperties) = preSolution
		HideSolutionNode = FALSE
	EndGlobalSection
	GlobalSection(ExtensibilityGlobals) = postSolution
		SolutionGuid = {2DF724D9-2805-40ED-B098-E8AC9B1D3435}
	EndGlobalSection
EndGlobal
